
Microsoft Visual Studio Solution File, Format Version 12.00
# Visual Studio 14
VisualStudioVersion = 14.0.25420.1
MinimumVisualStudioVersion = 10.0.40219.1
Project("{FAE04EC0-301F-11D3-BF4B-00C04F79EFBC}") = "Attributes", "Attributes\Attributes.csproj", "{4C3FAC8E-BD3A-4F88-A5B6-FC889E954343}"
EndProject
Project("{FAE04EC0-301F-11D3-BF4B-00C04F79EFBC}") = "DataAccess", "DataAccess\DataAccess.csproj", "{1024BCF5-51D2-469D-8461-FF23A1A35C7D}"
EndProject
Project("{FAE04EC0-301F-11D3-BF4B-00C04F79EFBC}") = "Extensions", "Extensions\Extensions.csproj", "{5F1DB64A-6E8C-4DEA-87BE-BE9F3F639690}"
EndProject
Project("{FAE04EC0-301F-11D3-BF4B-00C04F79EFBC}") = "Promises", "Promises\Promises.csproj", "{CC087742-E8A3-4F09-9764-876351B8A340}"
EndProject
Project("{FAE04EC0-301F-11D3-BF4B-00C04F79EFBC}") = "SqlGenerator", "SqlGenerator\SqlGenerator.csproj", "{F8ECDF94-761D-4591-AAAA-131228F9B31A}"
EndProject
Project("{FAE04EC0-301F-11D3-BF4B-00C04F79EFBC}") = "Functional", "Functional\Functional.csproj", "{44E1511B-BCE3-4115-A10C-3523B1FD472C}"
EndProject
Global
	GlobalSection(SolutionConfigurationPlatforms) = preSolution
		Debug|Any CPU = Debug|Any CPU
		Release|Any CPU = Release|Any CPU
	EndGlobalSection
	GlobalSection(ProjectConfigurationPlatforms) = postSolution
		{4C3FAC8E-BD3A-4F88-A5B6-FC889E954343}.Debug|Any CPU.ActiveCfg = Debug|Any CPU
		{4C3FAC8E-BD3A-4F88-A5B6-FC889E954343}.Debug|Any CPU.Build.0 = Debug|Any CPU
		{4C3FAC8E-BD3A-4F88-A5B6-FC889E954343}.Release|Any CPU.ActiveCfg = Release|Any CPU
		{4C3FAC8E-BD3A-4F88-A5B6-FC889E954343}.Release|Any CPU.Build.0 = Release|Any CPU
		{1024BCF5-51D2-469D-8461-FF23A1A35C7D}.Debug|Any CPU.ActiveCfg = Debug|Any CPU
		{1024BCF5-51D2-469D-8461-FF23A1A35C7D}.Debug|Any CPU.Build.0 = Debug|Any CPU
		{1024BCF5-51D2-469D-8461-FF23A1A35C7D}.Release|Any CPU.ActiveCfg = Release|Any CPU
		{1024BCF5-51D2-469D-8461-FF23A1A35C7D}.Release|Any CPU.Build.0 = Release|Any CPU
		{5F1DB64A-6E8C-4DEA-87BE-BE9F3F639690}.Debug|Any CPU.ActiveCfg = Debug|Any CPU
		{5F1DB64A-6E8C-4DEA-87BE-BE9F3F639690}.Debug|Any CPU.Build.0 = Debug|Any CPU
		{5F1DB64A-6E8C-4DEA-87BE-BE9F3F639690}.Release|Any CPU.ActiveCfg = Release|Any CPU
		{5F1DB64A-6E8C-4DEA-87BE-BE9F3F639690}.Release|Any CPU.Build.0 = Release|Any CPU
		{CC087742-E8A3-4F09-9764-876351B8A340}.Debug|Any CPU.ActiveCfg = Debug|Any CPU
		{CC087742-E8A3-4F09-9764-876351B8A340}.Debug|Any CPU.Build.0 = Debug|Any CPU
		{CC087742-E8A3-4F09-9764-876351B8A340}.Release|Any CPU.ActiveCfg = Release|Any CPU
		{CC087742-E8A3-4F09-9764-876351B8A340}.Release|Any CPU.Build.0 = Release|Any CPU
		{F8ECDF94-761D-4591-AAAA-131228F9B31A}.Debug|Any CPU.ActiveCfg = Debug|Any CPU
		{F8ECDF94-761D-4591-AAAA-131228F9B31A}.Debug|Any CPU.Build.0 = Debug|Any CPU
		{F8ECDF94-761D-4591-AAAA-131228F9B31A}.Release|Any CPU.ActiveCfg = Release|Any CPU
		{F8ECDF94-761D-4591-AAAA-131228F9B31A}.Release|Any CPU.Build.0 = Release|Any CPU
		{44E1511B-BCE3-4115-A10C-3523B1FD472C}.Debug|Any CPU.ActiveCfg = Debug|Any CPU
		{44E1511B-BCE3-4115-A10C-3523B1FD472C}.Debug|Any CPU.Build.0 = Debug|Any CPU
		{44E1511B-BCE3-4115-A10C-3523B1FD472C}.Release|Any CPU.ActiveCfg = Release|Any CPU
		{44E1511B-BCE3-4115-A10C-3523B1FD472C}.Release|Any CPU.Build.0 = Release|Any CPU
	EndGlobalSection
	GlobalSection(SolutionProperties) = preSolution
		HideSolutionNode = FALSE
	EndGlobalSection
EndGlobal
